
Microsoft Visual Studio Solution File, Format Version 12.00
# Visual Studio Version 16
VisualStudioVersion = 16.0.30804.86
MinimumVisualStudioVersion = 10.0.40219.1
Project("{9A19103F-16F7-4668-BE54-9A1E7A4F7556}") = "PlannerApp.BlazorWebAssembly", "PlannerApp.BlazorWebAssembly\PlannerApp.BlazorWebAssembly.csproj", "{AA85E98C-2C22-4B68-9CD6-3F754ED11D76}"
EndProject
Project("{9A19103F-16F7-4668-BE54-9A1E7A4F7556}") = "PlannerApp.Shared", "PlannerApp.Shared\PlannerApp.Shared.csproj", "{572C7562-B3D4-4E29-9FE1-789FCBCFFF98}"
EndProject
Project("{9A19103F-16F7-4668-BE54-9A1E7A4F7556}") = "PlannerApp.Services", "PlannerApp.Services\PlannerApp.Services.csproj", "{536E239A-3E4C-4A00-BECA-D14C0FE4E982}"
EndProject
Global
	GlobalSection(SolutionConfigurationPlatforms) = preSolution
		Debug|Any CPU = Debug|Any CPU
		Release|Any CPU = Release|Any CPU
	EndGlobalSection
	GlobalSection(ProjectConfigurationPlatforms) = postSolution
		{AA85E98C-2C22-4B68-9CD6-3F754ED11D76}.Debug|Any CPU.ActiveCfg = Debug|Any CPU
		{AA85E98C-2C22-4B68-9CD6-3F754ED11D76}.Debug|Any CPU.Build.0 = Debug|Any CPU
		{AA85E98C-2C22-4B68-9CD6-3F754ED11D76}.Release|Any CPU.ActiveCfg = Release|Any CPU
		{AA85E98C-2C22-4B68-9CD6-3F754ED11D76}.Release|Any CPU.Build.0 = Release|Any CPU
		{572C7562-B3D4-4E29-9FE1-789FCBCFFF98}.Debug|Any CPU.ActiveCfg = Debug|Any CPU
		{572C7562-B3D4-4E29-9FE1-789FCBCFFF98}.Debug|Any CPU.Build.0 = Debug|Any CPU
		{572C7562-B3D4-4E29-9FE1-789FCBCFFF98}.Release|Any CPU.ActiveCfg = Release|Any CPU
		{572C7562-B3D4-4E29-9FE1-789FCBCFFF98}.Release|Any CPU.Build.0 = Release|Any CPU
		{536E239A-3E4C-4A00-BECA-D14C0FE4E982}.Debug|Any CPU.ActiveCfg = Debug|Any CPU
		{536E239A-3E4C-4A00-BECA-D14C0FE4E982}.Debug|Any CPU.Build.0 = Debug|Any CPU
		{536E239A-3E4C-4A00-BECA-D14C0FE4E982}.Release|Any CPU.ActiveCfg = Release|Any CPU
		{536E239A-3E4C-4A00-BECA-D14C0FE4E982}.Release|Any CPU.Build.0 = Release|Any CPU
	EndGlobalSection
	GlobalSection(SolutionProperties) = preSolution
		HideSolutionNode = FALSE
	EndGlobalSection
	GlobalSection(ExtensibilityGlobals) = postSolution
		SolutionGuid = {14EFE392-A84B-48DC-8390-4F9BED86ADCF}
	EndGlobalSection
EndGlobal
